
Microsoft Visual Studio Solution File, Format Version 12.00
# Visual Studio Version 17
VisualStudioVersion = 17.8.34511.84
MinimumVisualStudioVersion = 10.0.40219.1
Project("{FAE04EC0-301F-11D3-BF4B-00C04F79EFBC}") = "RK12-22", "RK12-22\RK12-22.csproj", "{6C2CC52A-344C-4D1F-9925-B141B978D737}"
EndProject
Global
	GlobalSection(SolutionConfigurationPlatforms) = preSolution
		Debug|Any CPU = Debug|Any CPU
		Release|Any CPU = Release|Any CPU
	EndGlobalSection
	GlobalSection(ProjectConfigurationPlatforms) = postSolution
		{6C2CC52A-344C-4D1F-9925-B141B978D737}.Debug|Any CPU.ActiveCfg = Debug|Any CPU
		{6C2CC52A-344C-4D1F-9925-B141B978D737}.Debug|Any CPU.Build.0 = Debug|Any CPU
		{6C2CC52A-344C-4D1F-9925-B141B978D737}.Release|Any CPU.ActiveCfg = Release|Any CPU
		{6C2CC52A-344C-4D1F-9925-B141B978D737}.Release|Any CPU.Build.0 = Release|Any CPU
	EndGlobalSection
	GlobalSection(SolutionProperties) = preSolution
		HideSolutionNode = FALSE
	EndGlobalSection
	GlobalSection(ExtensibilityGlobals) = postSolution
		SolutionGuid = {7B1F408E-3625-422A-8457-6122E9E0B3E3}
	EndGlobalSection
EndGlobal
