
Microsoft Visual Studio Solution File, Format Version 12.00
# Visual Studio Version 17
VisualStudioVersion = 17.8.34511.84
MinimumVisualStudioVersion = 10.0.40219.1
Project("{FAE04EC0-301F-11D3-BF4B-00C04F79EFBC}") = "RK11-1", "RK11-1\RK11-1.csproj", "{8B78AD63-C151-4FD1-8A65-2CE53986FB72}"
EndProject
Global
	GlobalSection(SolutionConfigurationPlatforms) = preSolution
		Debug|Any CPU = Debug|Any CPU
		Release|Any CPU = Release|Any CPU
	EndGlobalSection
	GlobalSection(ProjectConfigurationPlatforms) = postSolution
		{8B78AD63-C151-4FD1-8A65-2CE53986FB72}.Debug|Any CPU.ActiveCfg = Debug|Any CPU
		{8B78AD63-C151-4FD1-8A65-2CE53986FB72}.Debug|Any CPU.Build.0 = Debug|Any CPU
		{8B78AD63-C151-4FD1-8A65-2CE53986FB72}.Release|Any CPU.ActiveCfg = Release|Any CPU
		{8B78AD63-C151-4FD1-8A65-2CE53986FB72}.Release|Any CPU.Build.0 = Release|Any CPU
	EndGlobalSection
	GlobalSection(SolutionProperties) = preSolution
		HideSolutionNode = FALSE
	EndGlobalSection
	GlobalSection(ExtensibilityGlobals) = postSolution
		SolutionGuid = {5DC59EBC-51D4-49FE-8957-48ECDB6B83A3}
	EndGlobalSection
EndGlobal
